// !$*UTF8*$!
{
	archiveVersion = 1;
	classes = {
	};
	objectVersion = 46;
	objects = {

/* Begin PBXBuildFile section */
		7023AF7C1ACEF9D800675954 /* AppDelegate.swift in Sources */ = {isa = PBXBuildFile; fileRef = 7023AF7B1ACEF9D800675954 /* AppDelegate.swift */; };
		7023AF7E1ACEF9D800675954 /* ViewController.swift in Sources */ = {isa = PBXBuildFile; fileRef = 7023AF7D1ACEF9D800675954 /* ViewController.swift */; };
		7023AF811ACEF9D800675954 /* Main.storyboard in Resources */ = {isa = PBXBuildFile; fileRef = 7023AF7F1ACEF9D800675954 /* Main.storyboard */; };
		7023AF831ACEF9D800675954 /* Images.xcassets in Resources */ = {isa = PBXBuildFile; fileRef = 7023AF821ACEF9D800675954 /* Images.xcassets */; };
		7023AF861ACEF9D800675954 /* LaunchScreen.xib in Resources */ = {isa = PBXBuildFile; fileRef = 7023AF841ACEF9D800675954 /* LaunchScreen.xib */; };
		7023AF921ACEF9D800675954 /* PostcardTests.swift in Sources */ = {isa = PBXBuildFile; fileRef = 7023AF911ACEF9D800675954 /* PostcardTests.swift */; };
/* End PBXBuildFile section */

/* Begin PBXContainerItemProxy section */
		7023AF8C1ACEF9D800675954 /* PBXContainerItemProxy */ = {
			isa = PBXContainerItemProxy;
			containerPortal = 7023AF6E1ACEF9D800675954 /* Project object */;
			proxyType = 1;
			remoteGlobalIDString = 7023AF751ACEF9D800675954;
			remoteInfo = Postcard;
		};
/* End PBXContainerItemProxy section */

/* Begin PBXFileReference section */
		7023AF761ACEF9D800675954 /* Postcard.app */ = {isa = PBXFileReference; explicitFileType = wrapper.application; includeInIndex = 0; path = Postcard.app; sourceTree = BUILT_PRODUCTS_DIR; };
		7023AF7A1ACEF9D800675954 /* Info.plist */ = {isa = PBXFileReference; lastKnownFileType = text.plist.xml; path = Info.plist; sourceTree = "<group>"; };
		7023AF7B1ACEF9D800675954 /* AppDelegate.swift */ = {isa = PBXFileReference; lastKnownFileType = sourcecode.swift; path = AppDelegate.swift; sourceTree = "<group>"; };
		7023AF7D1ACEF9D800675954 /* ViewController.swift */ = {isa = PBXFileReference; lastKnownFileType = sourcecode.swift; path = ViewController.swift; sourceTree = "<group>"; };
		7023AF801ACEF9D800675954 /* Base */ = {isa = PBXFileReference; lastKnownFileType = file.storyboard; name = Base; path = Base.lproj/Main.storyboard; sourceTree = "<group>"; };
		7023AF821ACEF9D800675954 /* Images.xcassets */ = {isa = PBXFileReference; lastKnownFileType = folder.assetcatalog; path = Images.xcassets; sourceTree = "<group>"; };
		7023AF851ACEF9D800675954 /* Base */ = {isa = PBXFileReference; lastKnownFileType = file.xib; name = Base; path = Base.lproj/LaunchScreen.xib; sourceTree = "<group>"; };
		7023AF8B1ACEF9D800675954 /* PostcardTests.xctest */ = {isa = PBXFileReference; explicitFileType = wrapper.cfbundle; includeInIndex = 0; path = PostcardTests.xctest; sourceTree = BUILT_PRODUCTS_DIR; };
		7023AF901ACEF9D800675954 /* Info.plist */ = {isa = PBXFileReference; lastKnownFileType = text.plist.xml; path = Info.plist; sourceTree = "<group>"; };
		7023AF911ACEF9D800675954 /* PostcardTests.swift */ = {isa = PBXFileReference; lastKnownFileType = sourcecode.swift; path = PostcardTests.swift; sourceTree = "<group>"; };
/* End PBXFileReference section */

/* Begin PBXFrameworksBuildPhase section */
		7023AF731ACEF9D800675954 /* Frameworks */ = {
			isa = PBXFrameworksBuildPhase;
			buildActionMask = 2147483647;
			files = (
			);
			runOnlyForDeploymentPostprocessing = 0;
		};
		7023AF881ACEF9D800675954 /* Frameworks */ = {
			isa = PBXFrameworksBuildPhase;
			buildActionMask = 2147483647;
			files = (
			);
			runOnlyForDeploymentPostprocessing = 0;
		};
/* End PBXFrameworksBuildPhase section */

/* Begin PBXGroup section */
		7023AF6D1ACEF9D800675954 = {
			isa = PBXGroup;
			children = (
				7023AF781ACEF9D800675954 /* Postcard */,
				7023AF8E1ACEF9D800675954 /* PostcardTests */,
				7023AF771ACEF9D800675954 /* Products */,
			);
			sourceTree = "<group>";
		};
		7023AF771ACEF9D800675954 /* Products */ = {
			isa = PBXGroup;
			children = (
				7023AF761ACEF9D800675954 /* Postcard.app */,
				7023AF8B1ACEF9D800675954 /* PostcardTests.xctest */,
			);
			name = Products;
			sourceTree = "<group>";
		};
		7023AF781ACEF9D800675954 /* Postcard */ = {
			isa = PBXGroup;
			children = (
				7023AF7B1ACEF9D800675954 /* AppDelegate.swift */,
				7023AF7D1ACEF9D800675954 /* ViewController.swift */,
				7023AF7F1ACEF9D800675954 /* Main.storyboard */,
				7023AF821ACEF9D800675954 /* Images.xcassets */,
				7023AF841ACEF9D800675954 /* LaunchScreen.xib */,
				7023AF791ACEF9D800675954 /* Supporting Files */,
			);
			path = Postcard;
			sourceTree = "<group>";
		};
		7023AF791ACEF9D800675954 /* Supporting Files */ = {
			isa = PBXGroup;
			children = (
				7023AF7A1ACEF9D800675954 /* Info.plist */,
			);
			name = "Supporting Files";
			sourceTree = "<group>";
		};
		7023AF8E1ACEF9D800675954 /* PostcardTests */ = {
			isa = PBXGroup;
			children = (
				7023AF911ACEF9D800675954 /* PostcardTests.swift */,
				7023AF8F1ACEF9D800675954 /* Supporting Files */,
			);
			path = PostcardTests;
			sourceTree = "<group>";
		};
		7023AF8F1ACEF9D800675954 /* Supporting Files */ = {
			isa = PBXGroup;
			children = (
				7023AF901ACEF9D800675954 /* Info.plist */,
			);
			name = "Supporting Files";
			sourceTree = "<group>";
		};
/* End PBXGroup section */

/* Begin PBXNativeTarget section */
		7023AF751ACEF9D800675954 /* Postcard */ = {
			isa = PBXNativeTarget;
			buildConfigurationList = 7023AF951ACEF9D800675954 /* Build configuration list for PBXNativeTarget "Postcard" */;
			buildPhases = (
				7023AF721ACEF9D800675954 /* Sources */,
				7023AF731ACEF9D800675954 /* Frameworks */,
				7023AF741ACEF9D800675954 /* Resources */,
			);
			buildRules = (
			);
			dependencies = (
			);
			name = Postcard;
			productName = Postcard;
			productReference = 7023AF761ACEF9D800675954 /* Postcard.app */;
			productType = "com.apple.product-type.application";
		};
		7023AF8A1ACEF9D800675954 /* PostcardTests */ = {
			isa = PBXNativeTarget;
			buildConfigurationList = 7023AF981ACEF9D800675954 /* Build configuration list for PBXNativeTarget "PostcardTests" */;
			buildPhases = (
				7023AF871ACEF9D800675954 /* Sources */,
				7023AF881ACEF9D800675954 /* Frameworks */,
				7023AF891ACEF9D800675954 /* Resources */,
			);
			buildRules = (
			);
			dependencies = (
				7023AF8D1ACEF9D800675954 /* PBXTargetDependency */,
			);
			name = PostcardTests;
			productName = PostcardTests;
			productReference = 7023AF8B1ACEF9D800675954 /* PostcardTests.xctest */;
			productType = "com.apple.product-type.bundle.unit-test";
		};
/* End PBXNativeTarget section */

/* Begin PBXProject section */
		7023AF6E1ACEF9D800675954 /* Project object */ = {
			isa = PBXProject;
			attributes = {
				LastUpgradeCheck = 0620;
				ORGANIZATIONNAME = "Goesta Woll";
				TargetAttributes = {
					7023AF751ACEF9D800675954 = {
						CreatedOnToolsVersion = 6.2;
					};
					7023AF8A1ACEF9D800675954 = {
						CreatedOnToolsVersion = 6.2;
						TestTargetID = 7023AF751ACEF9D800675954;
					};
				};
			};
			buildConfigurationList = 7023AF711ACEF9D800675954 /* Build configuration list for PBXProject "Postcard" */;
			compatibilityVersion = "Xcode 3.2";
			developmentRegion = English;
			hasScannedForEncodings = 0;
			knownRegions = (
				en,
				Base,
			);
			mainGroup = 7023AF6D1ACEF9D800675954;
			productRefGroup = 7023AF771ACEF9D800675954 /* Products */;
			projectDirPath = "";
			projectRoot = "";
			targets = (
				7023AF751ACEF9D800675954 /* Postcard */,
				7023AF8A1ACEF9D800675954 /* PostcardTests */,
			);
		};
/* End PBXProject section */

/* Begin PBXResourcesBuildPhase section */
		7023AF741ACEF9D800675954 /* Resources */ = {
			isa = PBXResourcesBuildPhase;
			buildActionMask = 2147483647;
			files = (
				7023AF811ACEF9D800675954 /* Main.storyboard in Resources */,
				7023AF861ACEF9D800675954 /* LaunchScreen.xib in Resources */,
				7023AF831ACEF9D800675954 /* Images.xcassets in Resources */,
			);
			runOnlyForDeploymentPostprocessing = 0;
		};
		7023AF891ACEF9D800675954 /* Resources */ = {
			isa = PBXResourcesBuildPhase;
			buildActionMask = 2147483647;
			files = (
			);
			runOnlyForDeploymentPostprocessing = 0;
		};
/* End PBXResourcesBuildPhase section */

/* Begin PBXSourcesBuildPhase section */
		7023AF721ACEF9D800675954 /* Sources */ = {
			isa = PBXSourcesBuildPhase;
			buildActionMask = 2147483647;
			files = (
				7023AF7E1ACEF9D800675954 /* ViewController.swift in Sources */,
				7023AF7C1ACEF9D800675954 /* AppDelegate.swift in Sources */,
			);
			runOnlyForDeploymentPostprocessing = 0;
		};
		7023AF871ACEF9D800675954 /* Sources */ = {
			isa = PBXSourcesBuildPhase;
			buildActionMask = 2147483647;
			files = (
				7023AF921ACEF9D800675954 /* PostcardTests.swift in Sources */,
			);
			runOnlyForDeploymentPostprocessing = 0;
		};
/* End PBXSourcesBuildPhase section */

/* Begin PBXTargetDependency section */
		7023AF8D1ACEF9D800675954 /* PBXTargetDependency */ = {
			isa = PBXTargetDependency;
			target = 7023AF751ACEF9D800675954 /* Postcard */;
			targetProxy = 7023AF8C1ACEF9D800675954 /* PBXContainerItemProxy */;
		};
/* End PBXTargetDependency section */

/* Begin PBXVariantGroup section */
		7023AF7F1ACEF9D800675954 /* Main.storyboard */ = {
			isa = PBXVariantGroup;
			children = (
				7023AF801ACEF9D800675954 /* Base */,
			);
			name = Main.storyboard;
			sourceTree = "<group>";
		};
		7023AF841ACEF9D800675954 /* LaunchScreen.xib */ = {
			isa = PBXVariantGroup;
			children = (
				7023AF851ACEF9D800675954 /* Base */,
			);
			name = LaunchScreen.xib;
			sourceTree = "<group>";
		};
/* End PBXVariantGroup section */

/* Begin XCBuildConfiguration section */
		7023AF931ACEF9D800675954 /* Debug */ = {
			isa = XCBuildConfiguration;
			buildSettings = {
				ALWAYS_SEARCH_USER_PATHS = NO;
				CLANG_CXX_LANGUAGE_STANDARD = "gnu++0x";
				CLANG_CXX_LIBRARY = "libc++";
				CLANG_ENABLE_MODULES = YES;
				CLANG_ENABLE_OBJC_ARC = YES;
				CLANG_WARN_BOOL_CONVERSION = YES;
				CLANG_WARN_CONSTANT_CONVERSION = YES;
				CLANG_WARN_DIRECT_OBJC_ISA_USAGE = YES_ERROR;
				CLANG_WARN_EMPTY_BODY = YES;
				CLANG_WARN_ENUM_CONVERSION = YES;
				CLANG_WARN_INT_CONVERSION = YES;
				CLANG_WARN_OBJC_ROOT_CLASS = YES_ERROR;
				CLANG_WARN_UNREACHABLE_CODE = YES;
				CLANG_WARN__DUPLICATE_METHOD_MATCH = YES;
				"CODE_SIGN_IDENTITY[sdk=iphoneos*]" = "iPhone Developer";
				COPY_PHASE_STRIP = NO;
				ENABLE_STRICT_OBJC_MSGSEND = YES;
				GCC_C_LANGUAGE_STANDARD = gnu99;
				GCC_DYNAMIC_NO_PIC = NO;
				GCC_OPTIMIZATION_LEVEL = 0;
				GCC_PREPROCESSOR_DEFINITIONS = (
					"DEBUG=1",
					"$(inherited)",
				);
				GCC_SYMBOLS_PRIVATE_EXTERN = NO;
				GCC_WARN_64_TO_32_BIT_CONVERSION = YES;
				GCC_WARN_ABOUT_RETURN_TYPE = YES_ERROR;
				GCC_WARN_UNDECLARED_SELECTOR = YES;
				GCC_WARN_UNINITIALIZED_AUTOS = YES_AGGRESSIVE;
				GCC_WARN_UNUSED_FUNCTION = YES;
				GCC_WARN_UNUSED_VARIABLE = YES;
				IPHONEOS_DEPLOYMENT_TARGET = 8.2;
				MTL_ENABLE_DEBUG_INFO = YES;
				ONLY_ACTIVE_ARCH = YES;
				SDKROOT = iphoneos;
				SWIFT_OPTIMIZATION_LEVEL = "-Onone";
				TARGETED_DEVICE_FAMILY = "1,2";
			};
			name = Debug;
		};
		7023AF941ACEF9D800675954 /* Release */ = {
			isa = XCBuildConfiguration;
			buildSettings = {
				ALWAYS_SEARCH_USER_PATHS = NO;
				CLANG_CXX_LANGUAGE_STANDARD = "gnu++0x";
				CLANG_CXX_LIBRARY = "libc++";
				CLANG_ENABLE_MODULES = YES;
				CLANG_ENABLE_OBJC_ARC = YES;
				CLANG_WARN_BOOL_CONVERSION = YES;
				CLANG_WARN_CONSTANT_CONVERSION = YES;
				CLANG_WARN_DIRECT_OBJC_ISA_USAGE = YES_ERROR;
				CLANG_WARN_EMPTY_BODY = YES;
				CLANG_WARN_ENUM_CONVERSION = YES;
				CLANG_WARN_INT_CONVERSION = YES;
				CLANG_WARN_OBJC_ROOT_CLASS = YES_ERROR;
				CLANG_WARN_UNREACHABLE_CODE = YES;
				CLANG_WARN__DUPLICATE_METHOD_MATCH = YES;
				"CODE_SIGN_IDENTITY[sdk=iphoneos*]" = "iPhone Developer";
				COPY_PHASE_STRIP = NO;
				ENABLE_NS_ASSERTIONS = NO;
				ENABLE_STRICT_OBJC_MSGSEND = YES;
				GCC_C_LANGUAGE_STANDARD = gnu99;
				GCC_WARN_64_TO_32_BIT_CONVERSION = YES;
				GCC_WARN_ABOUT_RETURN_TYPE = YES_ERROR;
				GCC_WARN_UNDECLARED_SELECTOR = YES;
				GCC_WARN_UNINITIALIZED_AUTOS = YES_AGGRESSIVE;
				GCC_WARN_UNUSED_FUNCTION = YES;
				GCC_WARN_UNUSED_VARIABLE = YES;
				IPHONEOS_DEPLOYMENT_TARGET = 8.2;
				MTL_ENABLE_DEBUG_INFO = NO;
				SDKROOT = iphoneos;
				TARGETED_DEVICE_FAMILY = "1,2";
				VALIDATE_PRODUCT = YES;
			};
			name = Release;
		};
		7023AF961ACEF9D800675954 /* Debug */ = {
			isa = XCBuildConfiguration;
			buildSettings = {
				ASSETCATALOG_COMPILER_APPICON_NAME = AppIcon;
				INFOPLIST_FILE = Postcard/Info.plist;
				LD_RUNPATH_SEARCH_PATHS = "$(inherited) @executable_path/Frameworks";
				PRODUCT_NAME = "$(TARGET_NAME)";
			};
			name = Debug;
		};
		7023AF971ACEF9D800675954 /* Release */ = {
			isa = XCBuildConfiguration;
			buildSettings = {
				ASSETCATALOG_COMPILER_APPICON_NAME = AppIcon;
				INFOPLIST_FILE = Postcard/Info.plist;
				LD_RUNPATH_SEARCH_PATHS = "$(inherited) @executable_path/Frameworks";
				PRODUCT_NAME = "$(TARGET_NAME)";
			};
			name = Release;
		};
		7023AF991ACEF9D800675954 /* Debug */ = {
			isa = XCBuildConfiguration;
			buildSettings = {
				BUNDLE_LOADER = "$(TEST_HOST)";
				FRAMEWORK_SEARCH_PATHS = (
					"$(SDKROOT)/Developer/Library/Frameworks",
					"$(inherited)",
				);
				GCC_PREPROCESSOR_DEFINITIONS = (
					"DEBUG=1",
					"$(inherited)",
				);
				INFOPLIST_FILE = PostcardTests/Info.plist;
				LD_RUNPATH_SEARCH_PATHS = "$(inherited) @executable_path/Frameworks @loader_path/Frameworks";
				PRODUCT_NAME = "$(TARGET_NAME)";
				TEST_HOST = "$(BUILT_PRODUCTS_DIR)/Postcard.app/Postcard";
			};
			name = Debug;
		};
		7023AF9A1ACEF9D800675954 /* Release */ = {
			isa = XCBuildConfiguration;
			buildSettings = {
				BUNDLE_LOADER = "$(TEST_HOST)";
				FRAMEWORK_SEARCH_PATHS = (
					"$(SDKROOT)/Developer/Library/Frameworks",
					"$(inherited)",
				);
				INFOPLIST_FILE = PostcardTests/Info.plist;
				LD_RUNPATH_SEARCH_PATHS = "$(inherited) @executable_path/Frameworks @loader_path/Frameworks";
				PRODUCT_NAME = "$(TARGET_NAME)";
				TEST_HOST = "$(BUILT_PRODUCTS_DIR)/Postcard.app/Postcard";
			};
			name = Release;
		};
/* End XCBuildConfiguration section */

/* Begin XCConfigurationList section */
		7023AF711ACEF9D800675954 /* Build configuration list for PBXProject "Postcard" */ = {
			isa = XCConfigurationList;
			buildConfigurations = (
				7023AF931ACEF9D800675954 /* Debug */,
				7023AF941ACEF9D800675954 /* Release */,
			);
			defaultConfigurationIsVisible = 0;
			defaultConfigurationName = Release;
		};
		7023AF951ACEF9D800675954 /* Build configuration list for PBXNativeTarget "Postcard" */ = {
			isa = XCConfigurationList;
			buildConfigurations = (
				7023AF961ACEF9D800675954 /* Debug */,
				7023AF971ACEF9D800675954 /* Release */,
			);
			defaultConfigurationIsVisible = 0;
		};
		7023AF981ACEF9D800675954 /* Build configuration list for PBXNativeTarget "PostcardTests" */ = {
			isa = XCConfigurationList;
			buildConfigurations = (
				7023AF991ACEF9D800675954 /* Debug */,
				7023AF9A1ACEF9D800675954 /* Release */,
			);
			defaultConfigurationIsVisible = 0;
		};
/* End XCConfigurationList section */
	};
	rootObject = 7023AF6E1ACEF9D800675954 /* Project object */;
}
